
Microsoft Visual Studio Solution File, Format Version 12.00
# Visual Studio 15
VisualStudioVersion = 15.0.26403.0
MinimumVisualStudioVersion = 10.0.40219.1
Project("{FAE04EC0-301F-11D3-BF4B-00C04F79EFBC}") = "DesignPatternLibrary", "DesignPatternLibrary\DesignPatternLibrary.csproj", "{E2C140E5-DAE5-4BBB-85B6-D57A3D62DB2C}"
EndProject
Project("{FAE04EC0-301F-11D3-BF4B-00C04F79EFBC}") = "BridgeProblem", "Bridge\Problem\BridgeProblem\BridgeProblem.csproj", "{6D8A3AA7-F2E6-4951-B1C2-3FC10FB43336}"
EndProject
Global
	GlobalSection(SolutionConfigurationPlatforms) = preSolution
		Debug|Any CPU = Debug|Any CPU
		Release|Any CPU = Release|Any CPU
	EndGlobalSection
	GlobalSection(ProjectConfigurationPlatforms) = postSolution
		{E2C140E5-DAE5-4BBB-85B6-D57A3D62DB2C}.Debug|Any CPU.ActiveCfg = Debug|Any CPU
		{E2C140E5-DAE5-4BBB-85B6-D57A3D62DB2C}.Debug|Any CPU.Build.0 = Debug|Any CPU
		{E2C140E5-DAE5-4BBB-85B6-D57A3D62DB2C}.Release|Any CPU.ActiveCfg = Release|Any CPU
		{E2C140E5-DAE5-4BBB-85B6-D57A3D62DB2C}.Release|Any CPU.Build.0 = Release|Any CPU
		{6D8A3AA7-F2E6-4951-B1C2-3FC10FB43336}.Debug|Any CPU.ActiveCfg = Debug|Any CPU
		{6D8A3AA7-F2E6-4951-B1C2-3FC10FB43336}.Debug|Any CPU.Build.0 = Debug|Any CPU
		{6D8A3AA7-F2E6-4951-B1C2-3FC10FB43336}.Release|Any CPU.ActiveCfg = Release|Any CPU
		{6D8A3AA7-F2E6-4951-B1C2-3FC10FB43336}.Release|Any CPU.Build.0 = Release|Any CPU
	EndGlobalSection
	GlobalSection(SolutionProperties) = preSolution
		HideSolutionNode = FALSE
	EndGlobalSection
EndGlobal
